
Microsoft Visual Studio Solution File, Format Version 12.00
# Visual Studio Version 17
VisualStudioVersion = 17.2.32616.157
MinimumVisualStudioVersion = 10.0.40219.1
Project("{9A19103F-16F7-4668-BE54-9A1E7A4F7556}") = "HackerRankSolutions", "HackerRankSolutions\HackerRankSolutions.csproj", "{A341280A-76D0-426E-B6DB-E9DF2B978A4A}"
EndProject
Project("{9A19103F-16F7-4668-BE54-9A1E7A4F7556}") = "plusMinus", "plusMinus\plusMinus.csproj", "{77093221-B8EA-42BC-8AD0-F178953165A8}"
EndProject
Project("{9A19103F-16F7-4668-BE54-9A1E7A4F7556}") = "miniMaxSum", "miniMaxSum\miniMaxSum.csproj", "{7908D523-FAAC-4385-9207-C140EC25093F}"
EndProject
Project("{9A19103F-16F7-4668-BE54-9A1E7A4F7556}") = "timeConversion", "timeConversion\timeConversion.csproj", "{537EEAA5-4522-4D99-8CD0-92056D170ADD}"
EndProject
Project("{9A19103F-16F7-4668-BE54-9A1E7A4F7556}") = "findMedian", "findMedian\findMedian.csproj", "{628D7BA9-1CF8-4086-8963-921D733CDAE4}"
EndProject
Project("{9A19103F-16F7-4668-BE54-9A1E7A4F7556}") = "lonelyInteger", "lonelyInteger\lonelyInteger.csproj", "{69F3BC14-6B01-4D97-BF93-9F980AEEDBC9}"
EndProject
Project("{9A19103F-16F7-4668-BE54-9A1E7A4F7556}") = "diagonalDifference", "diagonalDifference\diagonalDifference.csproj", "{9279D0AC-58A6-4624-B7E1-D5775B191EDB}"
EndProject
Project("{9A19103F-16F7-4668-BE54-9A1E7A4F7556}") = "countingSort", "countingSort\countingSort.csproj", "{356D58C0-1A44-43AF-8231-D1DDFE4F1542}"
EndProject
Project("{9A19103F-16F7-4668-BE54-9A1E7A4F7556}") = "flippingMatrix", "flippingMatrix\flippingMatrix.csproj", "{613F909A-E1D1-463E-BA72-EBC89A66E31A}"
EndProject
Project("{8BC9CEB8-8B4A-11D0-8D11-00A0C91BC942}") = "findZigZagSequence", "findZigZagSequence\findZigZagSequence.vcxproj", "{48F87C24-0DF2-418A-9487-57AE1D2BC195}"
EndProject
Project("{9A19103F-16F7-4668-BE54-9A1E7A4F7556}") = "towerBreakers", "towerBreakers\towerBreakers.csproj", "{5F7DDAFB-8FF8-47C1-896F-87D9FBF11757}"
EndProject
Project("{9A19103F-16F7-4668-BE54-9A1E7A4F7556}") = "caesarCipher", "caesarCipher\caesarCipher.csproj", "{4D31FED4-E8DF-49BF-B653-FB119D0B0B27}"
EndProject
Project("{9A19103F-16F7-4668-BE54-9A1E7A4F7556}") = "palindromeIndex", "palindromeIndex\palindromeIndex.csproj", "{30DEE36C-E833-4FCD-953F-FF52773FF30F}"
EndProject
Project("{9A19103F-16F7-4668-BE54-9A1E7A4F7556}") = "gridChallenge", "gridChallenge\gridChallenge.csproj", "{C7A64294-0B97-4844-A45C-F857384CDC43}"
EndProject
Project("{9A19103F-16F7-4668-BE54-9A1E7A4F7556}") = "superDigit", "superDigit\superDigit.csproj", "{69AF07EC-F893-42D5-BE48-923A454FC373}"
EndProject
Project("{9A19103F-16F7-4668-BE54-9A1E7A4F7556}") = "minimumBribes", "minimumBribes\minimumBribes.csproj", "{894E4D7E-4698-4C6A-8F69-6C8F0FE832D3}"
EndProject
Project("{9A19103F-16F7-4668-BE54-9A1E7A4F7556}") = "truckTour", "truckTour\truckTour.csproj", "{898377E8-C52A-4E78-A5DC-EDB8E03F2272}"
EndProject
Project("{9A19103F-16F7-4668-BE54-9A1E7A4F7556}") = "mergeTwoSortedLinkedLists", "mergeTwoSortedLinkedLists\mergeTwoSortedLinkedLists.csproj", "{F5CD4189-B676-4C94-B832-43D939FA35AB}"
EndProject
Project("{9A19103F-16F7-4668-BE54-9A1E7A4F7556}") = "queueUsingTwoStacks", "queueUsingTwoStacks\queueUsingTwoStacks.csproj", "{3B4812E8-A587-43DB-8F75-11A34FDC4828}"
EndProject
Project("{9A19103F-16F7-4668-BE54-9A1E7A4F7556}") = "balancedBrackets", "balancedBrackets\balancedBrackets.csproj", "{006454D4-A066-4A9C-9B8D-F82AF0E45923}"
EndProject
Project("{9A19103F-16F7-4668-BE54-9A1E7A4F7556}") = "pairs", "pairs\pairs.csproj", "{EC7312E7-BC5F-4F53-BBED-126B648E92AF}"
EndProject
Project("{FAE04EC0-301F-11D3-BF4B-00C04F79EFBC}") = "baseballGameTuring", "baseballGame\baseballGameTuring.csproj", "{47A103AE-E46C-45E6-A925-648CD0C30E3F}"
EndProject
Global
	GlobalSection(SolutionConfigurationPlatforms) = preSolution
		Debug|Any CPU = Debug|Any CPU
		Debug|ARM = Debug|ARM
		Debug|ARM64 = Debug|ARM64
		Debug|x64 = Debug|x64
		Debug|x86 = Debug|x86
		Release|Any CPU = Release|Any CPU
		Release|ARM = Release|ARM
		Release|ARM64 = Release|ARM64
		Release|x64 = Release|x64
		Release|x86 = Release|x86
	EndGlobalSection
	GlobalSection(ProjectConfigurationPlatforms) = postSolution
		{A341280A-76D0-426E-B6DB-E9DF2B978A4A}.Debug|Any CPU.ActiveCfg = Debug|Any CPU
		{A341280A-76D0-426E-B6DB-E9DF2B978A4A}.Debug|Any CPU.Build.0 = Debug|Any CPU
		{A341280A-76D0-426E-B6DB-E9DF2B978A4A}.Debug|ARM.ActiveCfg = Debug|Any CPU
		{A341280A-76D0-426E-B6DB-E9DF2B978A4A}.Debug|ARM.Build.0 = Debug|Any CPU
		{A341280A-76D0-426E-B6DB-E9DF2B978A4A}.Debug|ARM64.ActiveCfg = Debug|Any CPU
		{A341280A-76D0-426E-B6DB-E9DF2B978A4A}.Debug|ARM64.Build.0 = Debug|Any CPU
		{A341280A-76D0-426E-B6DB-E9DF2B978A4A}.Debug|x64.ActiveCfg = Debug|Any CPU
		{A341280A-76D0-426E-B6DB-E9DF2B978A4A}.Debug|x64.Build.0 = Debug|Any CPU
		{A341280A-76D0-426E-B6DB-E9DF2B978A4A}.Debug|x86.ActiveCfg = Debug|Any CPU
		{A341280A-76D0-426E-B6DB-E9DF2B978A4A}.Debug|x86.Build.0 = Debug|Any CPU
		{A341280A-76D0-426E-B6DB-E9DF2B978A4A}.Release|Any CPU.ActiveCfg = Release|Any CPU
		{A341280A-76D0-426E-B6DB-E9DF2B978A4A}.Release|Any CPU.Build.0 = Release|Any CPU
		{A341280A-76D0-426E-B6DB-E9DF2B978A4A}.Release|ARM.ActiveCfg = Release|Any CPU
		{A341280A-76D0-426E-B6DB-E9DF2B978A4A}.Release|ARM.Build.0 = Release|Any CPU
		{A341280A-76D0-426E-B6DB-E9DF2B978A4A}.Release|ARM64.ActiveCfg = Release|Any CPU
		{A341280A-76D0-426E-B6DB-E9DF2B978A4A}.Release|ARM64.Build.0 = Release|Any CPU
		{A341280A-76D0-426E-B6DB-E9DF2B978A4A}.Release|x64.ActiveCfg = Release|Any CPU
		{A341280A-76D0-426E-B6DB-E9DF2B978A4A}.Release|x64.Build.0 = Release|Any CPU
		{A341280A-76D0-426E-B6DB-E9DF2B978A4A}.Release|x86.ActiveCfg = Release|Any CPU
		{A341280A-76D0-426E-B6DB-E9DF2B978A4A}.Release|x86.Build.0 = Release|Any CPU
		{77093221-B8EA-42BC-8AD0-F178953165A8}.Debug|Any CPU.ActiveCfg = Debug|Any CPU
		{77093221-B8EA-42BC-8AD0-F178953165A8}.Debug|Any CPU.Build.0 = Debug|Any CPU
		{77093221-B8EA-42BC-8AD0-F178953165A8}.Debug|ARM.ActiveCfg = Debug|Any CPU
		{77093221-B8EA-42BC-8AD0-F178953165A8}.Debug|ARM.Build.0 = Debug|Any CPU
		{77093221-B8EA-42BC-8AD0-F178953165A8}.Debug|ARM64.ActiveCfg = Debug|Any CPU
		{77093221-B8EA-42BC-8AD0-F178953165A8}.Debug|ARM64.Build.0 = Debug|Any CPU
		{77093221-B8EA-42BC-8AD0-F178953165A8}.Debug|x64.ActiveCfg = Debug|Any CPU
		{77093221-B8EA-42BC-8AD0-F178953165A8}.Debug|x64.Build.0 = Debug|Any CPU
		{77093221-B8EA-42BC-8AD0-F178953165A8}.Debug|x86.ActiveCfg = Debug|Any CPU
		{77093221-B8EA-42BC-8AD0-F178953165A8}.Debug|x86.Build.0 = Debug|Any CPU
		{77093221-B8EA-42BC-8AD0-F178953165A8}.Release|Any CPU.ActiveCfg = Release|Any CPU
		{77093221-B8EA-42BC-8AD0-F178953165A8}.Release|Any CPU.Build.0 = Release|Any CPU
		{77093221-B8EA-42BC-8AD0-F178953165A8}.Release|ARM.ActiveCfg = Release|Any CPU
		{77093221-B8EA-42BC-8AD0-F178953165A8}.Release|ARM.Build.0 = Release|Any CPU
		{77093221-B8EA-42BC-8AD0-F178953165A8}.Release|ARM64.ActiveCfg = Release|Any CPU
		{77093221-B8EA-42BC-8AD0-F178953165A8}.Release|ARM64.Build.0 = Release|Any CPU
		{77093221-B8EA-42BC-8AD0-F178953165A8}.Release|x64.ActiveCfg = Release|Any CPU
		{77093221-B8EA-42BC-8AD0-F178953165A8}.Release|x64.Build.0 = Release|Any CPU
		{77093221-B8EA-42BC-8AD0-F178953165A8}.Release|x86.ActiveCfg = Release|Any CPU
		{77093221-B8EA-42BC-8AD0-F178953165A8}.Release|x86.Build.0 = Release|Any CPU
		{7908D523-FAAC-4385-9207-C140EC25093F}.Debug|Any CPU.ActiveCfg = Debug|Any CPU
		{7908D523-FAAC-4385-9207-C140EC25093F}.Debug|Any CPU.Build.0 = Debug|Any CPU
		{7908D523-FAAC-4385-9207-C140EC25093F}.Debug|ARM.ActiveCfg = Debug|Any CPU
		{7908D523-FAAC-4385-9207-C140EC25093F}.Debug|ARM.Build.0 = Debug|Any CPU
		{7908D523-FAAC-4385-9207-C140EC25093F}.Debug|ARM64.ActiveCfg = Debug|Any CPU
		{7908D523-FAAC-4385-9207-C140EC25093F}.Debug|ARM64.Build.0 = Debug|Any CPU
		{7908D523-FAAC-4385-9207-C140EC25093F}.Debug|x64.ActiveCfg = Debug|Any CPU
		{7908D523-FAAC-4385-9207-C140EC25093F}.Debug|x64.Build.0 = Debug|Any CPU
		{7908D523-FAAC-4385-9207-C140EC25093F}.Debug|x86.ActiveCfg = Debug|Any CPU
		{7908D523-FAAC-4385-9207-C140EC25093F}.Debug|x86.Build.0 = Debug|Any CPU
		{7908D523-FAAC-4385-9207-C140EC25093F}.Release|Any CPU.ActiveCfg = Release|Any CPU
		{7908D523-FAAC-4385-9207-C140EC25093F}.Release|Any CPU.Build.0 = Release|Any CPU
		{7908D523-FAAC-4385-9207-C140EC25093F}.Release|ARM.ActiveCfg = Release|Any CPU
		{7908D523-FAAC-4385-9207-C140EC25093F}.Release|ARM.Build.0 = Release|Any CPU
		{7908D523-FAAC-4385-9207-C140EC25093F}.Release|ARM64.ActiveCfg = Release|Any CPU
		{7908D523-FAAC-4385-9207-C140EC25093F}.Release|ARM64.Build.0 = Release|Any CPU
		{7908D523-FAAC-4385-9207-C140EC25093F}.Release|x64.ActiveCfg = Release|Any CPU
		{7908D523-FAAC-4385-9207-C140EC25093F}.Release|x64.Build.0 = Release|Any CPU
		{7908D523-FAAC-4385-9207-C140EC25093F}.Release|x86.ActiveCfg = Release|Any CPU
		{7908D523-FAAC-4385-9207-C140EC25093F}.Release|x86.Build.0 = Release|Any CPU
		{537EEAA5-4522-4D99-8CD0-92056D170ADD}.Debug|Any CPU.ActiveCfg = Debug|Any CPU
		{537EEAA5-4522-4D99-8CD0-92056D170ADD}.Debug|Any CPU.Build.0 = Debug|Any CPU
		{537EEAA5-4522-4D99-8CD0-92056D170ADD}.Debug|ARM.ActiveCfg = Debug|Any CPU
		{537EEAA5-4522-4D99-8CD0-92056D170ADD}.Debug|ARM.Build.0 = Debug|Any CPU
		{537EEAA5-4522-4D99-8CD0-92056D170ADD}.Debug|ARM64.ActiveCfg = Debug|Any CPU
		{537EEAA5-4522-4D99-8CD0-92056D170ADD}.Debug|ARM64.Build.0 = Debug|Any CPU
		{537EEAA5-4522-4D99-8CD0-92056D170ADD}.Debug|x64.ActiveCfg = Debug|Any CPU
		{537EEAA5-4522-4D99-8CD0-92056D170ADD}.Debug|x64.Build.0 = Debug|Any CPU
		{537EEAA5-4522-4D99-8CD0-92056D170ADD}.Debug|x86.ActiveCfg = Debug|Any CPU
		{537EEAA5-4522-4D99-8CD0-92056D170ADD}.Debug|x86.Build.0 = Debug|Any CPU
		{537EEAA5-4522-4D99-8CD0-92056D170ADD}.Release|Any CPU.ActiveCfg = Release|Any CPU
		{537EEAA5-4522-4D99-8CD0-92056D170ADD}.Release|Any CPU.Build.0 = Release|Any CPU
		{537EEAA5-4522-4D99-8CD0-92056D170ADD}.Release|ARM.ActiveCfg = Release|Any CPU
		{537EEAA5-4522-4D99-8CD0-92056D170ADD}.Release|ARM.Build.0 = Release|Any CPU
		{537EEAA5-4522-4D99-8CD0-92056D170ADD}.Release|ARM64.ActiveCfg = Release|Any CPU
		{537EEAA5-4522-4D99-8CD0-92056D170ADD}.Release|ARM64.Build.0 = Release|Any CPU
		{537EEAA5-4522-4D99-8CD0-92056D170ADD}.Release|x64.ActiveCfg = Release|Any CPU
		{537EEAA5-4522-4D99-8CD0-92056D170ADD}.Release|x64.Build.0 = Release|Any CPU
		{537EEAA5-4522-4D99-8CD0-92056D170ADD}.Release|x86.ActiveCfg = Release|Any CPU
		{537EEAA5-4522-4D99-8CD0-92056D170ADD}.Release|x86.Build.0 = Release|Any CPU
		{628D7BA9-1CF8-4086-8963-921D733CDAE4}.Debug|Any CPU.ActiveCfg = Debug|Any CPU
		{628D7BA9-1CF8-4086-8963-921D733CDAE4}.Debug|Any CPU.Build.0 = Debug|Any CPU
		{628D7BA9-1CF8-4086-8963-921D733CDAE4}.Debug|ARM.ActiveCfg = Debug|Any CPU
		{628D7BA9-1CF8-4086-8963-921D733CDAE4}.Debug|ARM.Build.0 = Debug|Any CPU
		{628D7BA9-1CF8-4086-8963-921D733CDAE4}.Debug|ARM64.ActiveCfg = Debug|Any CPU
		{628D7BA9-1CF8-4086-8963-921D733CDAE4}.Debug|ARM64.Build.0 = Debug|Any CPU
		{628D7BA9-1CF8-4086-8963-921D733CDAE4}.Debug|x64.ActiveCfg = Debug|Any CPU
		{628D7BA9-1CF8-4086-8963-921D733CDAE4}.Debug|x64.Build.0 = Debug|Any CPU
		{628D7BA9-1CF8-4086-8963-921D733CDAE4}.Debug|x86.ActiveCfg = Debug|Any CPU
		{628D7BA9-1CF8-4086-8963-921D733CDAE4}.Debug|x86.Build.0 = Debug|Any CPU
		{628D7BA9-1CF8-4086-8963-921D733CDAE4}.Release|Any CPU.ActiveCfg = Release|Any CPU
		{628D7BA9-1CF8-4086-8963-921D733CDAE4}.Release|Any CPU.Build.0 = Release|Any CPU
		{628D7BA9-1CF8-4086-8963-921D733CDAE4}.Release|ARM.ActiveCfg = Release|Any CPU
		{628D7BA9-1CF8-4086-8963-921D733CDAE4}.Release|ARM.Build.0 = Release|Any CPU
		{628D7BA9-1CF8-4086-8963-921D733CDAE4}.Release|ARM64.ActiveCfg = Release|Any CPU
		{628D7BA9-1CF8-4086-8963-921D733CDAE4}.Release|ARM64.Build.0 = Release|Any CPU
		{628D7BA9-1CF8-4086-8963-921D733CDAE4}.Release|x64.ActiveCfg = Release|Any CPU
		{628D7BA9-1CF8-4086-8963-921D733CDAE4}.Release|x64.Build.0 = Release|Any CPU
		{628D7BA9-1CF8-4086-8963-921D733CDAE4}.Release|x86.ActiveCfg = Release|Any CPU
		{628D7BA9-1CF8-4086-8963-921D733CDAE4}.Release|x86.Build.0 = Release|Any CPU
		{69F3BC14-6B01-4D97-BF93-9F980AEEDBC9}.Debug|Any CPU.ActiveCfg = Debug|Any CPU
		{69F3BC14-6B01-4D97-BF93-9F980AEEDBC9}.Debug|Any CPU.Build.0 = Debug|Any CPU
		{69F3BC14-6B01-4D97-BF93-9F980AEEDBC9}.Debug|ARM.ActiveCfg = Debug|Any CPU
		{69F3BC14-6B01-4D97-BF93-9F980AEEDBC9}.Debug|ARM.Build.0 = Debug|Any CPU
		{69F3BC14-6B01-4D97-BF93-9F980AEEDBC9}.Debug|ARM64.ActiveCfg = Debug|Any CPU
		{69F3BC14-6B01-4D97-BF93-9F980AEEDBC9}.Debug|ARM64.Build.0 = Debug|Any CPU
		{69F3BC14-6B01-4D97-BF93-9F980AEEDBC9}.Debug|x64.ActiveCfg = Debug|Any CPU
		{69F3BC14-6B01-4D97-BF93-9F980AEEDBC9}.Debug|x64.Build.0 = Debug|Any CPU
		{69F3BC14-6B01-4D97-BF93-9F980AEEDBC9}.Debug|x86.ActiveCfg = Debug|Any CPU
		{69F3BC14-6B01-4D97-BF93-9F980AEEDBC9}.Debug|x86.Build.0 = Debug|Any CPU
		{69F3BC14-6B01-4D97-BF93-9F980AEEDBC9}.Release|Any CPU.ActiveCfg = Release|Any CPU
		{69F3BC14-6B01-4D97-BF93-9F980AEEDBC9}.Release|Any CPU.Build.0 = Release|Any CPU
		{69F3BC14-6B01-4D97-BF93-9F980AEEDBC9}.Release|ARM.ActiveCfg = Release|Any CPU
		{69F3BC14-6B01-4D97-BF93-9F980AEEDBC9}.Release|ARM.Build.0 = Release|Any CPU
		{69F3BC14-6B01-4D97-BF93-9F980AEEDBC9}.Release|ARM64.ActiveCfg = Release|Any CPU
		{69F3BC14-6B01-4D97-BF93-9F980AEEDBC9}.Release|ARM64.Build.0 = Release|Any CPU
		{69F3BC14-6B01-4D97-BF93-9F980AEEDBC9}.Release|x64.ActiveCfg = Release|Any CPU
		{69F3BC14-6B01-4D97-BF93-9F980AEEDBC9}.Release|x64.Build.0 = Release|Any CPU
		{69F3BC14-6B01-4D97-BF93-9F980AEEDBC9}.Release|x86.ActiveCfg = Release|Any CPU
		{69F3BC14-6B01-4D97-BF93-9F980AEEDBC9}.Release|x86.Build.0 = Release|Any CPU
		{9279D0AC-58A6-4624-B7E1-D5775B191EDB}.Debug|Any CPU.ActiveCfg = Debug|Any CPU
		{9279D0AC-58A6-4624-B7E1-D5775B191EDB}.Debug|Any CPU.Build.0 = Debug|Any CPU
		{9279D0AC-58A6-4624-B7E1-D5775B191EDB}.Debug|ARM.ActiveCfg = Debug|Any CPU
		{9279D0AC-58A6-4624-B7E1-D5775B191EDB}.Debug|ARM.Build.0 = Debug|Any CPU
		{9279D0AC-58A6-4624-B7E1-D5775B191EDB}.Debug|ARM64.ActiveCfg = Debug|Any CPU
		{9279D0AC-58A6-4624-B7E1-D5775B191EDB}.Debug|ARM64.Build.0 = Debug|Any CPU
		{9279D0AC-58A6-4624-B7E1-D5775B191EDB}.Debug|x64.ActiveCfg = Debug|Any CPU
		{9279D0AC-58A6-4624-B7E1-D5775B191EDB}.Debug|x64.Build.0 = Debug|Any CPU
		{9279D0AC-58A6-4624-B7E1-D5775B191EDB}.Debug|x86.ActiveCfg = Debug|Any CPU
		{9279D0AC-58A6-4624-B7E1-D5775B191EDB}.Debug|x86.Build.0 = Debug|Any CPU
		{9279D0AC-58A6-4624-B7E1-D5775B191EDB}.Release|Any CPU.ActiveCfg = Release|Any CPU
		{9279D0AC-58A6-4624-B7E1-D5775B191EDB}.Release|Any CPU.Build.0 = Release|Any CPU
		{9279D0AC-58A6-4624-B7E1-D5775B191EDB}.Release|ARM.ActiveCfg = Release|Any CPU
		{9279D0AC-58A6-4624-B7E1-D5775B191EDB}.Release|ARM.Build.0 = Release|Any CPU
		{9279D0AC-58A6-4624-B7E1-D5775B191EDB}.Release|ARM64.ActiveCfg = Release|Any CPU
		{9279D0AC-58A6-4624-B7E1-D5775B191EDB}.Release|ARM64.Build.0 = Release|Any CPU
		{9279D0AC-58A6-4624-B7E1-D5775B191EDB}.Release|x64.ActiveCfg = Release|Any CPU
		{9279D0AC-58A6-4624-B7E1-D5775B191EDB}.Release|x64.Build.0 = Release|Any CPU
		{9279D0AC-58A6-4624-B7E1-D5775B191EDB}.Release|x86.ActiveCfg = Release|Any CPU
		{9279D0AC-58A6-4624-B7E1-D5775B191EDB}.Release|x86.Build.0 = Release|Any CPU
		{356D58C0-1A44-43AF-8231-D1DDFE4F1542}.Debug|Any CPU.ActiveCfg = Debug|Any CPU
		{356D58C0-1A44-43AF-8231-D1DDFE4F1542}.Debug|Any CPU.Build.0 = Debug|Any CPU
		{356D58C0-1A44-43AF-8231-D1DDFE4F1542}.Debug|ARM.ActiveCfg = Debug|Any CPU
		{356D58C0-1A44-43AF-8231-D1DDFE4F1542}.Debug|ARM.Build.0 = Debug|Any CPU
		{356D58C0-1A44-43AF-8231-D1DDFE4F1542}.Debug|ARM64.ActiveCfg = Debug|Any CPU
		{356D58C0-1A44-43AF-8231-D1DDFE4F1542}.Debug|ARM64.Build.0 = Debug|Any CPU
		{356D58C0-1A44-43AF-8231-D1DDFE4F1542}.Debug|x64.ActiveCfg = Debug|Any CPU
		{356D58C0-1A44-43AF-8231-D1DDFE4F1542}.Debug|x64.Build.0 = Debug|Any CPU
		{356D58C0-1A44-43AF-8231-D1DDFE4F1542}.Debug|x86.ActiveCfg = Debug|Any CPU
		{356D58C0-1A44-43AF-8231-D1DDFE4F1542}.Debug|x86.Build.0 = Debug|Any CPU
		{356D58C0-1A44-43AF-8231-D1DDFE4F1542}.Release|Any CPU.ActiveCfg = Release|Any CPU
		{356D58C0-1A44-43AF-8231-D1DDFE4F1542}.Release|Any CPU.Build.0 = Release|Any CPU
		{356D58C0-1A44-43AF-8231-D1DDFE4F1542}.Release|ARM.ActiveCfg = Release|Any CPU
		{356D58C0-1A44-43AF-8231-D1DDFE4F1542}.Release|ARM.Build.0 = Release|Any CPU
		{356D58C0-1A44-43AF-8231-D1DDFE4F1542}.Release|ARM64.ActiveCfg = Release|Any CPU
		{356D58C0-1A44-43AF-8231-D1DDFE4F1542}.Release|ARM64.Build.0 = Release|Any CPU
		{356D58C0-1A44-43AF-8231-D1DDFE4F1542}.Release|x64.ActiveCfg = Release|Any CPU
		{356D58C0-1A44-43AF-8231-D1DDFE4F1542}.Release|x64.Build.0 = Release|Any CPU
		{356D58C0-1A44-43AF-8231-D1DDFE4F1542}.Release|x86.ActiveCfg = Release|Any CPU
		{356D58C0-1A44-43AF-8231-D1DDFE4F1542}.Release|x86.Build.0 = Release|Any CPU
		{613F909A-E1D1-463E-BA72-EBC89A66E31A}.Debug|Any CPU.ActiveCfg = Debug|Any CPU
		{613F909A-E1D1-463E-BA72-EBC89A66E31A}.Debug|Any CPU.Build.0 = Debug|Any CPU
		{613F909A-E1D1-463E-BA72-EBC89A66E31A}.Debug|ARM.ActiveCfg = Debug|Any CPU
		{613F909A-E1D1-463E-BA72-EBC89A66E31A}.Debug|ARM.Build.0 = Debug|Any CPU
		{613F909A-E1D1-463E-BA72-EBC89A66E31A}.Debug|ARM64.ActiveCfg = Debug|Any CPU
		{613F909A-E1D1-463E-BA72-EBC89A66E31A}.Debug|ARM64.Build.0 = Debug|Any CPU
		{613F909A-E1D1-463E-BA72-EBC89A66E31A}.Debug|x64.ActiveCfg = Debug|Any CPU
		{613F909A-E1D1-463E-BA72-EBC89A66E31A}.Debug|x64.Build.0 = Debug|Any CPU
		{613F909A-E1D1-463E-BA72-EBC89A66E31A}.Debug|x86.ActiveCfg = Debug|Any CPU
		{613F909A-E1D1-463E-BA72-EBC89A66E31A}.Debug|x86.Build.0 = Debug|Any CPU
		{613F909A-E1D1-463E-BA72-EBC89A66E31A}.Release|Any CPU.ActiveCfg = Release|Any CPU
		{613F909A-E1D1-463E-BA72-EBC89A66E31A}.Release|Any CPU.Build.0 = Release|Any CPU
		{613F909A-E1D1-463E-BA72-EBC89A66E31A}.Release|ARM.ActiveCfg = Release|Any CPU
		{613F909A-E1D1-463E-BA72-EBC89A66E31A}.Release|ARM.Build.0 = Release|Any CPU
		{613F909A-E1D1-463E-BA72-EBC89A66E31A}.Release|ARM64.ActiveCfg = Release|Any CPU
		{613F909A-E1D1-463E-BA72-EBC89A66E31A}.Release|ARM64.Build.0 = Release|Any CPU
		{613F909A-E1D1-463E-BA72-EBC89A66E31A}.Release|x64.ActiveCfg = Release|Any CPU
		{613F909A-E1D1-463E-BA72-EBC89A66E31A}.Release|x64.Build.0 = Release|Any CPU
		{613F909A-E1D1-463E-BA72-EBC89A66E31A}.Release|x86.ActiveCfg = Release|Any CPU
		{613F909A-E1D1-463E-BA72-EBC89A66E31A}.Release|x86.Build.0 = Release|Any CPU
		{48F87C24-0DF2-418A-9487-57AE1D2BC195}.Debug|Any CPU.ActiveCfg = Debug|x64
		{48F87C24-0DF2-418A-9487-57AE1D2BC195}.Debug|Any CPU.Build.0 = Debug|x64
		{48F87C24-0DF2-418A-9487-57AE1D2BC195}.Debug|Any CPU.Deploy.0 = Debug|x64
		{48F87C24-0DF2-418A-9487-57AE1D2BC195}.Debug|ARM.ActiveCfg = Debug|ARM
		{48F87C24-0DF2-418A-9487-57AE1D2BC195}.Debug|ARM.Build.0 = Debug|ARM
		{48F87C24-0DF2-418A-9487-57AE1D2BC195}.Debug|ARM.Deploy.0 = Debug|ARM
		{48F87C24-0DF2-418A-9487-57AE1D2BC195}.Debug|ARM64.ActiveCfg = Debug|ARM64
		{48F87C24-0DF2-418A-9487-57AE1D2BC195}.Debug|ARM64.Build.0 = Debug|ARM64
		{48F87C24-0DF2-418A-9487-57AE1D2BC195}.Debug|ARM64.Deploy.0 = Debug|ARM64
		{48F87C24-0DF2-418A-9487-57AE1D2BC195}.Debug|x64.ActiveCfg = Debug|x64
		{48F87C24-0DF2-418A-9487-57AE1D2BC195}.Debug|x64.Build.0 = Debug|x64
		{48F87C24-0DF2-418A-9487-57AE1D2BC195}.Debug|x64.Deploy.0 = Debug|x64
		{48F87C24-0DF2-418A-9487-57AE1D2BC195}.Debug|x86.ActiveCfg = Debug|x86
		{48F87C24-0DF2-418A-9487-57AE1D2BC195}.Debug|x86.Build.0 = Debug|x86
		{48F87C24-0DF2-418A-9487-57AE1D2BC195}.Debug|x86.Deploy.0 = Debug|x86
		{48F87C24-0DF2-418A-9487-57AE1D2BC195}.Release|Any CPU.ActiveCfg = Release|x64
		{48F87C24-0DF2-418A-9487-57AE1D2BC195}.Release|Any CPU.Build.0 = Release|x64
		{48F87C24-0DF2-418A-9487-57AE1D2BC195}.Release|Any CPU.Deploy.0 = Release|x64
		{48F87C24-0DF2-418A-9487-57AE1D2BC195}.Release|ARM.ActiveCfg = Release|ARM
		{48F87C24-0DF2-418A-9487-57AE1D2BC195}.Release|ARM.Build.0 = Release|ARM
		{48F87C24-0DF2-418A-9487-57AE1D2BC195}.Release|ARM.Deploy.0 = Release|ARM
		{48F87C24-0DF2-418A-9487-57AE1D2BC195}.Release|ARM64.ActiveCfg = Release|ARM64
		{48F87C24-0DF2-418A-9487-57AE1D2BC195}.Release|ARM64.Build.0 = Release|ARM64
		{48F87C24-0DF2-418A-9487-57AE1D2BC195}.Release|ARM64.Deploy.0 = Release|ARM64
		{48F87C24-0DF2-418A-9487-57AE1D2BC195}.Release|x64.ActiveCfg = Release|x64
		{48F87C24-0DF2-418A-9487-57AE1D2BC195}.Release|x64.Build.0 = Release|x64
		{48F87C24-0DF2-418A-9487-57AE1D2BC195}.Release|x64.Deploy.0 = Release|x64
		{48F87C24-0DF2-418A-9487-57AE1D2BC195}.Release|x86.ActiveCfg = Release|x86
		{48F87C24-0DF2-418A-9487-57AE1D2BC195}.Release|x86.Build.0 = Release|x86
		{48F87C24-0DF2-418A-9487-57AE1D2BC195}.Release|x86.Deploy.0 = Release|x86
		{5F7DDAFB-8FF8-47C1-896F-87D9FBF11757}.Debug|Any CPU.ActiveCfg = Debug|Any CPU
		{5F7DDAFB-8FF8-47C1-896F-87D9FBF11757}.Debug|Any CPU.Build.0 = Debug|Any CPU
		{5F7DDAFB-8FF8-47C1-896F-87D9FBF11757}.Debug|ARM.ActiveCfg = Debug|Any CPU
		{5F7DDAFB-8FF8-47C1-896F-87D9FBF11757}.Debug|ARM.Build.0 = Debug|Any CPU
		{5F7DDAFB-8FF8-47C1-896F-87D9FBF11757}.Debug|ARM64.ActiveCfg = Debug|Any CPU
		{5F7DDAFB-8FF8-47C1-896F-87D9FBF11757}.Debug|ARM64.Build.0 = Debug|Any CPU
		{5F7DDAFB-8FF8-47C1-896F-87D9FBF11757}.Debug|x64.ActiveCfg = Debug|Any CPU
		{5F7DDAFB-8FF8-47C1-896F-87D9FBF11757}.Debug|x64.Build.0 = Debug|Any CPU
		{5F7DDAFB-8FF8-47C1-896F-87D9FBF11757}.Debug|x86.ActiveCfg = Debug|Any CPU
		{5F7DDAFB-8FF8-47C1-896F-87D9FBF11757}.Debug|x86.Build.0 = Debug|Any CPU
		{5F7DDAFB-8FF8-47C1-896F-87D9FBF11757}.Release|Any CPU.ActiveCfg = Release|Any CPU
		{5F7DDAFB-8FF8-47C1-896F-87D9FBF11757}.Release|Any CPU.Build.0 = Release|Any CPU
		{5F7DDAFB-8FF8-47C1-896F-87D9FBF11757}.Release|ARM.ActiveCfg = Release|Any CPU
		{5F7DDAFB-8FF8-47C1-896F-87D9FBF11757}.Release|ARM.Build.0 = Release|Any CPU
		{5F7DDAFB-8FF8-47C1-896F-87D9FBF11757}.Release|ARM64.ActiveCfg = Release|Any CPU
		{5F7DDAFB-8FF8-47C1-896F-87D9FBF11757}.Release|ARM64.Build.0 = Release|Any CPU
		{5F7DDAFB-8FF8-47C1-896F-87D9FBF11757}.Release|x64.ActiveCfg = Release|Any CPU
		{5F7DDAFB-8FF8-47C1-896F-87D9FBF11757}.Release|x64.Build.0 = Release|Any CPU
		{5F7DDAFB-8FF8-47C1-896F-87D9FBF11757}.Release|x86.ActiveCfg = Release|Any CPU
		{5F7DDAFB-8FF8-47C1-896F-87D9FBF11757}.Release|x86.Build.0 = Release|Any CPU
		{4D31FED4-E8DF-49BF-B653-FB119D0B0B27}.Debug|Any CPU.ActiveCfg = Debug|Any CPU
		{4D31FED4-E8DF-49BF-B653-FB119D0B0B27}.Debug|Any CPU.Build.0 = Debug|Any CPU
		{4D31FED4-E8DF-49BF-B653-FB119D0B0B27}.Debug|ARM.ActiveCfg = Debug|Any CPU
		{4D31FED4-E8DF-49BF-B653-FB119D0B0B27}.Debug|ARM.Build.0 = Debug|Any CPU
		{4D31FED4-E8DF-49BF-B653-FB119D0B0B27}.Debug|ARM64.ActiveCfg = Debug|Any CPU
		{4D31FED4-E8DF-49BF-B653-FB119D0B0B27}.Debug|ARM64.Build.0 = Debug|Any CPU
		{4D31FED4-E8DF-49BF-B653-FB119D0B0B27}.Debug|x64.ActiveCfg = Debug|Any CPU
		{4D31FED4-E8DF-49BF-B653-FB119D0B0B27}.Debug|x64.Build.0 = Debug|Any CPU
		{4D31FED4-E8DF-49BF-B653-FB119D0B0B27}.Debug|x86.ActiveCfg = Debug|Any CPU
		{4D31FED4-E8DF-49BF-B653-FB119D0B0B27}.Debug|x86.Build.0 = Debug|Any CPU
		{4D31FED4-E8DF-49BF-B653-FB119D0B0B27}.Release|Any CPU.ActiveCfg = Release|Any CPU
		{4D31FED4-E8DF-49BF-B653-FB119D0B0B27}.Release|Any CPU.Build.0 = Release|Any CPU
		{4D31FED4-E8DF-49BF-B653-FB119D0B0B27}.Release|ARM.ActiveCfg = Release|Any CPU
		{4D31FED4-E8DF-49BF-B653-FB119D0B0B27}.Release|ARM.Build.0 = Release|Any CPU
		{4D31FED4-E8DF-49BF-B653-FB119D0B0B27}.Release|ARM64.ActiveCfg = Release|Any CPU
		{4D31FED4-E8DF-49BF-B653-FB119D0B0B27}.Release|ARM64.Build.0 = Release|Any CPU
		{4D31FED4-E8DF-49BF-B653-FB119D0B0B27}.Release|x64.ActiveCfg = Release|Any CPU
		{4D31FED4-E8DF-49BF-B653-FB119D0B0B27}.Release|x64.Build.0 = Release|Any CPU
		{4D31FED4-E8DF-49BF-B653-FB119D0B0B27}.Release|x86.ActiveCfg = Release|Any CPU
		{4D31FED4-E8DF-49BF-B653-FB119D0B0B27}.Release|x86.Build.0 = Release|Any CPU
		{30DEE36C-E833-4FCD-953F-FF52773FF30F}.Debug|Any CPU.ActiveCfg = Debug|Any CPU
		{30DEE36C-E833-4FCD-953F-FF52773FF30F}.Debug|Any CPU.Build.0 = Debug|Any CPU
		{30DEE36C-E833-4FCD-953F-FF52773FF30F}.Debug|ARM.ActiveCfg = Debug|Any CPU
		{30DEE36C-E833-4FCD-953F-FF52773FF30F}.Debug|ARM.Build.0 = Debug|Any CPU
		{30DEE36C-E833-4FCD-953F-FF52773FF30F}.Debug|ARM64.ActiveCfg = Debug|Any CPU
		{30DEE36C-E833-4FCD-953F-FF52773FF30F}.Debug|ARM64.Build.0 = Debug|Any CPU
		{30DEE36C-E833-4FCD-953F-FF52773FF30F}.Debug|x64.ActiveCfg = Debug|Any CPU
		{30DEE36C-E833-4FCD-953F-FF52773FF30F}.Debug|x64.Build.0 = Debug|Any CPU
		{30DEE36C-E833-4FCD-953F-FF52773FF30F}.Debug|x86.ActiveCfg = Debug|Any CPU
		{30DEE36C-E833-4FCD-953F-FF52773FF30F}.Debug|x86.Build.0 = Debug|Any CPU
		{30DEE36C-E833-4FCD-953F-FF52773FF30F}.Release|Any CPU.ActiveCfg = Release|Any CPU
		{30DEE36C-E833-4FCD-953F-FF52773FF30F}.Release|Any CPU.Build.0 = Release|Any CPU
		{30DEE36C-E833-4FCD-953F-FF52773FF30F}.Release|ARM.ActiveCfg = Release|Any CPU
		{30DEE36C-E833-4FCD-953F-FF52773FF30F}.Release|ARM.Build.0 = Release|Any CPU
		{30DEE36C-E833-4FCD-953F-FF52773FF30F}.Release|ARM64.ActiveCfg = Release|Any CPU
		{30DEE36C-E833-4FCD-953F-FF52773FF30F}.Release|ARM64.Build.0 = Release|Any CPU
		{30DEE36C-E833-4FCD-953F-FF52773FF30F}.Release|x64.ActiveCfg = Release|Any CPU
		{30DEE36C-E833-4FCD-953F-FF52773FF30F}.Release|x64.Build.0 = Release|Any CPU
		{30DEE36C-E833-4FCD-953F-FF52773FF30F}.Release|x86.ActiveCfg = Release|Any CPU
		{30DEE36C-E833-4FCD-953F-FF52773FF30F}.Release|x86.Build.0 = Release|Any CPU
		{C7A64294-0B97-4844-A45C-F857384CDC43}.Debug|Any CPU.ActiveCfg = Debug|Any CPU
		{C7A64294-0B97-4844-A45C-F857384CDC43}.Debug|Any CPU.Build.0 = Debug|Any CPU
		{C7A64294-0B97-4844-A45C-F857384CDC43}.Debug|ARM.ActiveCfg = Debug|Any CPU
		{C7A64294-0B97-4844-A45C-F857384CDC43}.Debug|ARM.Build.0 = Debug|Any CPU
		{C7A64294-0B97-4844-A45C-F857384CDC43}.Debug|ARM64.ActiveCfg = Debug|Any CPU
		{C7A64294-0B97-4844-A45C-F857384CDC43}.Debug|ARM64.Build.0 = Debug|Any CPU
		{C7A64294-0B97-4844-A45C-F857384CDC43}.Debug|x64.ActiveCfg = Debug|Any CPU
		{C7A64294-0B97-4844-A45C-F857384CDC43}.Debug|x64.Build.0 = Debug|Any CPU
		{C7A64294-0B97-4844-A45C-F857384CDC43}.Debug|x86.ActiveCfg = Debug|Any CPU
		{C7A64294-0B97-4844-A45C-F857384CDC43}.Debug|x86.Build.0 = Debug|Any CPU
		{C7A64294-0B97-4844-A45C-F857384CDC43}.Release|Any CPU.ActiveCfg = Release|Any CPU
		{C7A64294-0B97-4844-A45C-F857384CDC43}.Release|Any CPU.Build.0 = Release|Any CPU
		{C7A64294-0B97-4844-A45C-F857384CDC43}.Release|ARM.ActiveCfg = Release|Any CPU
		{C7A64294-0B97-4844-A45C-F857384CDC43}.Release|ARM.Build.0 = Release|Any CPU
		{C7A64294-0B97-4844-A45C-F857384CDC43}.Release|ARM64.ActiveCfg = Release|Any CPU
		{C7A64294-0B97-4844-A45C-F857384CDC43}.Release|ARM64.Build.0 = Release|Any CPU
		{C7A64294-0B97-4844-A45C-F857384CDC43}.Release|x64.ActiveCfg = Release|Any CPU
		{C7A64294-0B97-4844-A45C-F857384CDC43}.Release|x64.Build.0 = Release|Any CPU
		{C7A64294-0B97-4844-A45C-F857384CDC43}.Release|x86.ActiveCfg = Release|Any CPU
		{C7A64294-0B97-4844-A45C-F857384CDC43}.Release|x86.Build.0 = Release|Any CPU
		{69AF07EC-F893-42D5-BE48-923A454FC373}.Debug|Any CPU.ActiveCfg = Debug|Any CPU
		{69AF07EC-F893-42D5-BE48-923A454FC373}.Debug|Any CPU.Build.0 = Debug|Any CPU
		{69AF07EC-F893-42D5-BE48-923A454FC373}.Debug|ARM.ActiveCfg = Debug|Any CPU
		{69AF07EC-F893-42D5-BE48-923A454FC373}.Debug|ARM.Build.0 = Debug|Any CPU
		{69AF07EC-F893-42D5-BE48-923A454FC373}.Debug|ARM64.ActiveCfg = Debug|Any CPU
		{69AF07EC-F893-42D5-BE48-923A454FC373}.Debug|ARM64.Build.0 = Debug|Any CPU
		{69AF07EC-F893-42D5-BE48-923A454FC373}.Debug|x64.ActiveCfg = Debug|Any CPU
		{69AF07EC-F893-42D5-BE48-923A454FC373}.Debug|x64.Build.0 = Debug|Any CPU
		{69AF07EC-F893-42D5-BE48-923A454FC373}.Debug|x86.ActiveCfg = Debug|Any CPU
		{69AF07EC-F893-42D5-BE48-923A454FC373}.Debug|x86.Build.0 = Debug|Any CPU
		{69AF07EC-F893-42D5-BE48-923A454FC373}.Release|Any CPU.ActiveCfg = Release|Any CPU
		{69AF07EC-F893-42D5-BE48-923A454FC373}.Release|Any CPU.Build.0 = Release|Any CPU
		{69AF07EC-F893-42D5-BE48-923A454FC373}.Release|ARM.ActiveCfg = Release|Any CPU
		{69AF07EC-F893-42D5-BE48-923A454FC373}.Release|ARM.Build.0 = Release|Any CPU
		{69AF07EC-F893-42D5-BE48-923A454FC373}.Release|ARM64.ActiveCfg = Release|Any CPU
		{69AF07EC-F893-42D5-BE48-923A454FC373}.Release|ARM64.Build.0 = Release|Any CPU
		{69AF07EC-F893-42D5-BE48-923A454FC373}.Release|x64.ActiveCfg = Release|Any CPU
		{69AF07EC-F893-42D5-BE48-923A454FC373}.Release|x64.Build.0 = Release|Any CPU
		{69AF07EC-F893-42D5-BE48-923A454FC373}.Release|x86.ActiveCfg = Release|Any CPU
		{69AF07EC-F893-42D5-BE48-923A454FC373}.Release|x86.Build.0 = Release|Any CPU
		{894E4D7E-4698-4C6A-8F69-6C8F0FE832D3}.Debug|Any CPU.ActiveCfg = Debug|Any CPU
		{894E4D7E-4698-4C6A-8F69-6C8F0FE832D3}.Debug|Any CPU.Build.0 = Debug|Any CPU
		{894E4D7E-4698-4C6A-8F69-6C8F0FE832D3}.Debug|ARM.ActiveCfg = Debug|Any CPU
		{894E4D7E-4698-4C6A-8F69-6C8F0FE832D3}.Debug|ARM.Build.0 = Debug|Any CPU
		{894E4D7E-4698-4C6A-8F69-6C8F0FE832D3}.Debug|ARM64.ActiveCfg = Debug|Any CPU
		{894E4D7E-4698-4C6A-8F69-6C8F0FE832D3}.Debug|ARM64.Build.0 = Debug|Any CPU
		{894E4D7E-4698-4C6A-8F69-6C8F0FE832D3}.Debug|x64.ActiveCfg = Debug|Any CPU
		{894E4D7E-4698-4C6A-8F69-6C8F0FE832D3}.Debug|x64.Build.0 = Debug|Any CPU
		{894E4D7E-4698-4C6A-8F69-6C8F0FE832D3}.Debug|x86.ActiveCfg = Debug|Any CPU
		{894E4D7E-4698-4C6A-8F69-6C8F0FE832D3}.Debug|x86.Build.0 = Debug|Any CPU
		{894E4D7E-4698-4C6A-8F69-6C8F0FE832D3}.Release|Any CPU.ActiveCfg = Release|Any CPU
		{894E4D7E-4698-4C6A-8F69-6C8F0FE832D3}.Release|Any CPU.Build.0 = Release|Any CPU
		{894E4D7E-4698-4C6A-8F69-6C8F0FE832D3}.Release|ARM.ActiveCfg = Release|Any CPU
		{894E4D7E-4698-4C6A-8F69-6C8F0FE832D3}.Release|ARM.Build.0 = Release|Any CPU
		{894E4D7E-4698-4C6A-8F69-6C8F0FE832D3}.Release|ARM64.ActiveCfg = Release|Any CPU
		{894E4D7E-4698-4C6A-8F69-6C8F0FE832D3}.Release|ARM64.Build.0 = Release|Any CPU
		{894E4D7E-4698-4C6A-8F69-6C8F0FE832D3}.Release|x64.ActiveCfg = Release|Any CPU
		{894E4D7E-4698-4C6A-8F69-6C8F0FE832D3}.Release|x64.Build.0 = Release|Any CPU
		{894E4D7E-4698-4C6A-8F69-6C8F0FE832D3}.Release|x86.ActiveCfg = Release|Any CPU
		{894E4D7E-4698-4C6A-8F69-6C8F0FE832D3}.Release|x86.Build.0 = Release|Any CPU
		{898377E8-C52A-4E78-A5DC-EDB8E03F2272}.Debug|Any CPU.ActiveCfg = Debug|Any CPU
		{898377E8-C52A-4E78-A5DC-EDB8E03F2272}.Debug|Any CPU.Build.0 = Debug|Any CPU
		{898377E8-C52A-4E78-A5DC-EDB8E03F2272}.Debug|ARM.ActiveCfg = Debug|Any CPU
		{898377E8-C52A-4E78-A5DC-EDB8E03F2272}.Debug|ARM.Build.0 = Debug|Any CPU
		{898377E8-C52A-4E78-A5DC-EDB8E03F2272}.Debug|ARM64.ActiveCfg = Debug|Any CPU
		{898377E8-C52A-4E78-A5DC-EDB8E03F2272}.Debug|ARM64.Build.0 = Debug|Any CPU
		{898377E8-C52A-4E78-A5DC-EDB8E03F2272}.Debug|x64.ActiveCfg = Debug|Any CPU
		{898377E8-C52A-4E78-A5DC-EDB8E03F2272}.Debug|x64.Build.0 = Debug|Any CPU
		{898377E8-C52A-4E78-A5DC-EDB8E03F2272}.Debug|x86.ActiveCfg = Debug|Any CPU
		{898377E8-C52A-4E78-A5DC-EDB8E03F2272}.Debug|x86.Build.0 = Debug|Any CPU
		{898377E8-C52A-4E78-A5DC-EDB8E03F2272}.Release|Any CPU.ActiveCfg = Release|Any CPU
		{898377E8-C52A-4E78-A5DC-EDB8E03F2272}.Release|Any CPU.Build.0 = Release|Any CPU
		{898377E8-C52A-4E78-A5DC-EDB8E03F2272}.Release|ARM.ActiveCfg = Release|Any CPU
		{898377E8-C52A-4E78-A5DC-EDB8E03F2272}.Release|ARM.Build.0 = Release|Any CPU
		{898377E8-C52A-4E78-A5DC-EDB8E03F2272}.Release|ARM64.ActiveCfg = Release|Any CPU
		{898377E8-C52A-4E78-A5DC-EDB8E03F2272}.Release|ARM64.Build.0 = Release|Any CPU
		{898377E8-C52A-4E78-A5DC-EDB8E03F2272}.Release|x64.ActiveCfg = Release|Any CPU
		{898377E8-C52A-4E78-A5DC-EDB8E03F2272}.Release|x64.Build.0 = Release|Any CPU
		{898377E8-C52A-4E78-A5DC-EDB8E03F2272}.Release|x86.ActiveCfg = Release|Any CPU
		{898377E8-C52A-4E78-A5DC-EDB8E03F2272}.Release|x86.Build.0 = Release|Any CPU
		{F5CD4189-B676-4C94-B832-43D939FA35AB}.Debug|Any CPU.ActiveCfg = Debug|Any CPU
		{F5CD4189-B676-4C94-B832-43D939FA35AB}.Debug|Any CPU.Build.0 = Debug|Any CPU
		{F5CD4189-B676-4C94-B832-43D939FA35AB}.Debug|ARM.ActiveCfg = Debug|Any CPU
		{F5CD4189-B676-4C94-B832-43D939FA35AB}.Debug|ARM.Build.0 = Debug|Any CPU
		{F5CD4189-B676-4C94-B832-43D939FA35AB}.Debug|ARM64.ActiveCfg = Debug|Any CPU
		{F5CD4189-B676-4C94-B832-43D939FA35AB}.Debug|ARM64.Build.0 = Debug|Any CPU
		{F5CD4189-B676-4C94-B832-43D939FA35AB}.Debug|x64.ActiveCfg = Debug|Any CPU
		{F5CD4189-B676-4C94-B832-43D939FA35AB}.Debug|x64.Build.0 = Debug|Any CPU
		{F5CD4189-B676-4C94-B832-43D939FA35AB}.Debug|x86.ActiveCfg = Debug|Any CPU
		{F5CD4189-B676-4C94-B832-43D939FA35AB}.Debug|x86.Build.0 = Debug|Any CPU
		{F5CD4189-B676-4C94-B832-43D939FA35AB}.Release|Any CPU.ActiveCfg = Release|Any CPU
		{F5CD4189-B676-4C94-B832-43D939FA35AB}.Release|Any CPU.Build.0 = Release|Any CPU
		{F5CD4189-B676-4C94-B832-43D939FA35AB}.Release|ARM.ActiveCfg = Release|Any CPU
		{F5CD4189-B676-4C94-B832-43D939FA35AB}.Release|ARM.Build.0 = Release|Any CPU
		{F5CD4189-B676-4C94-B832-43D939FA35AB}.Release|ARM64.ActiveCfg = Release|Any CPU
		{F5CD4189-B676-4C94-B832-43D939FA35AB}.Release|ARM64.Build.0 = Release|Any CPU
		{F5CD4189-B676-4C94-B832-43D939FA35AB}.Release|x64.ActiveCfg = Release|Any CPU
		{F5CD4189-B676-4C94-B832-43D939FA35AB}.Release|x64.Build.0 = Release|Any CPU
		{F5CD4189-B676-4C94-B832-43D939FA35AB}.Release|x86.ActiveCfg = Release|Any CPU
		{F5CD4189-B676-4C94-B832-43D939FA35AB}.Release|x86.Build.0 = Release|Any CPU
		{3B4812E8-A587-43DB-8F75-11A34FDC4828}.Debug|Any CPU.ActiveCfg = Debug|Any CPU
		{3B4812E8-A587-43DB-8F75-11A34FDC4828}.Debug|Any CPU.Build.0 = Debug|Any CPU
		{3B4812E8-A587-43DB-8F75-11A34FDC4828}.Debug|ARM.ActiveCfg = Debug|Any CPU
		{3B4812E8-A587-43DB-8F75-11A34FDC4828}.Debug|ARM.Build.0 = Debug|Any CPU
		{3B4812E8-A587-43DB-8F75-11A34FDC4828}.Debug|ARM64.ActiveCfg = Debug|Any CPU
		{3B4812E8-A587-43DB-8F75-11A34FDC4828}.Debug|ARM64.Build.0 = Debug|Any CPU
		{3B4812E8-A587-43DB-8F75-11A34FDC4828}.Debug|x64.ActiveCfg = Debug|Any CPU
		{3B4812E8-A587-43DB-8F75-11A34FDC4828}.Debug|x64.Build.0 = Debug|Any CPU
		{3B4812E8-A587-43DB-8F75-11A34FDC4828}.Debug|x86.ActiveCfg = Debug|Any CPU
		{3B4812E8-A587-43DB-8F75-11A34FDC4828}.Debug|x86.Build.0 = Debug|Any CPU
		{3B4812E8-A587-43DB-8F75-11A34FDC4828}.Release|Any CPU.ActiveCfg = Release|Any CPU
		{3B4812E8-A587-43DB-8F75-11A34FDC4828}.Release|Any CPU.Build.0 = Release|Any CPU
		{3B4812E8-A587-43DB-8F75-11A34FDC4828}.Release|ARM.ActiveCfg = Release|Any CPU
		{3B4812E8-A587-43DB-8F75-11A34FDC4828}.Release|ARM.Build.0 = Release|Any CPU
		{3B4812E8-A587-43DB-8F75-11A34FDC4828}.Release|ARM64.ActiveCfg = Release|Any CPU
		{3B4812E8-A587-43DB-8F75-11A34FDC4828}.Release|ARM64.Build.0 = Release|Any CPU
		{3B4812E8-A587-43DB-8F75-11A34FDC4828}.Release|x64.ActiveCfg = Release|Any CPU
		{3B4812E8-A587-43DB-8F75-11A34FDC4828}.Release|x64.Build.0 = Release|Any CPU
		{3B4812E8-A587-43DB-8F75-11A34FDC4828}.Release|x86.ActiveCfg = Release|Any CPU
		{3B4812E8-A587-43DB-8F75-11A34FDC4828}.Release|x86.Build.0 = Release|Any CPU
		{006454D4-A066-4A9C-9B8D-F82AF0E45923}.Debug|Any CPU.ActiveCfg = Debug|Any CPU
		{006454D4-A066-4A9C-9B8D-F82AF0E45923}.Debug|Any CPU.Build.0 = Debug|Any CPU
		{006454D4-A066-4A9C-9B8D-F82AF0E45923}.Debug|ARM.ActiveCfg = Debug|Any CPU
		{006454D4-A066-4A9C-9B8D-F82AF0E45923}.Debug|ARM.Build.0 = Debug|Any CPU
		{006454D4-A066-4A9C-9B8D-F82AF0E45923}.Debug|ARM64.ActiveCfg = Debug|Any CPU
		{006454D4-A066-4A9C-9B8D-F82AF0E45923}.Debug|ARM64.Build.0 = Debug|Any CPU
		{006454D4-A066-4A9C-9B8D-F82AF0E45923}.Debug|x64.ActiveCfg = Debug|Any CPU
		{006454D4-A066-4A9C-9B8D-F82AF0E45923}.Debug|x64.Build.0 = Debug|Any CPU
		{006454D4-A066-4A9C-9B8D-F82AF0E45923}.Debug|x86.ActiveCfg = Debug|Any CPU
		{006454D4-A066-4A9C-9B8D-F82AF0E45923}.Debug|x86.Build.0 = Debug|Any CPU
		{006454D4-A066-4A9C-9B8D-F82AF0E45923}.Release|Any CPU.ActiveCfg = Release|Any CPU
		{006454D4-A066-4A9C-9B8D-F82AF0E45923}.Release|Any CPU.Build.0 = Release|Any CPU
		{006454D4-A066-4A9C-9B8D-F82AF0E45923}.Release|ARM.ActiveCfg = Release|Any CPU
		{006454D4-A066-4A9C-9B8D-F82AF0E45923}.Release|ARM.Build.0 = Release|Any CPU
		{006454D4-A066-4A9C-9B8D-F82AF0E45923}.Release|ARM64.ActiveCfg = Release|Any CPU
		{006454D4-A066-4A9C-9B8D-F82AF0E45923}.Release|ARM64.Build.0 = Release|Any CPU
		{006454D4-A066-4A9C-9B8D-F82AF0E45923}.Release|x64.ActiveCfg = Release|Any CPU
		{006454D4-A066-4A9C-9B8D-F82AF0E45923}.Release|x64.Build.0 = Release|Any CPU
		{006454D4-A066-4A9C-9B8D-F82AF0E45923}.Release|x86.ActiveCfg = Release|Any CPU
		{006454D4-A066-4A9C-9B8D-F82AF0E45923}.Release|x86.Build.0 = Release|Any CPU
		{EC7312E7-BC5F-4F53-BBED-126B648E92AF}.Debug|Any CPU.ActiveCfg = Debug|Any CPU
		{EC7312E7-BC5F-4F53-BBED-126B648E92AF}.Debug|Any CPU.Build.0 = Debug|Any CPU
		{EC7312E7-BC5F-4F53-BBED-126B648E92AF}.Debug|ARM.ActiveCfg = Debug|Any CPU
		{EC7312E7-BC5F-4F53-BBED-126B648E92AF}.Debug|ARM.Build.0 = Debug|Any CPU
		{EC7312E7-BC5F-4F53-BBED-126B648E92AF}.Debug|ARM64.ActiveCfg = Debug|Any CPU
		{EC7312E7-BC5F-4F53-BBED-126B648E92AF}.Debug|ARM64.Build.0 = Debug|Any CPU
		{EC7312E7-BC5F-4F53-BBED-126B648E92AF}.Debug|x64.ActiveCfg = Debug|Any CPU
		{EC7312E7-BC5F-4F53-BBED-126B648E92AF}.Debug|x64.Build.0 = Debug|Any CPU
		{EC7312E7-BC5F-4F53-BBED-126B648E92AF}.Debug|x86.ActiveCfg = Debug|Any CPU
		{EC7312E7-BC5F-4F53-BBED-126B648E92AF}.Debug|x86.Build.0 = Debug|Any CPU
		{EC7312E7-BC5F-4F53-BBED-126B648E92AF}.Release|Any CPU.ActiveCfg = Release|Any CPU
		{EC7312E7-BC5F-4F53-BBED-126B648E92AF}.Release|Any CPU.Build.0 = Release|Any CPU
		{EC7312E7-BC5F-4F53-BBED-126B648E92AF}.Release|ARM.ActiveCfg = Release|Any CPU
		{EC7312E7-BC5F-4F53-BBED-126B648E92AF}.Release|ARM.Build.0 = Release|Any CPU
		{EC7312E7-BC5F-4F53-BBED-126B648E92AF}.Release|ARM64.ActiveCfg = Release|Any CPU
		{EC7312E7-BC5F-4F53-BBED-126B648E92AF}.Release|ARM64.Build.0 = Release|Any CPU
		{EC7312E7-BC5F-4F53-BBED-126B648E92AF}.Release|x64.ActiveCfg = Release|Any CPU
		{EC7312E7-BC5F-4F53-BBED-126B648E92AF}.Release|x64.Build.0 = Release|Any CPU
		{EC7312E7-BC5F-4F53-BBED-126B648E92AF}.Release|x86.ActiveCfg = Release|Any CPU
		{EC7312E7-BC5F-4F53-BBED-126B648E92AF}.Release|x86.Build.0 = Release|Any CPU
		{47A103AE-E46C-45E6-A925-648CD0C30E3F}.Debug|Any CPU.ActiveCfg = Debug|Any CPU
		{47A103AE-E46C-45E6-A925-648CD0C30E3F}.Debug|Any CPU.Build.0 = Debug|Any CPU
		{47A103AE-E46C-45E6-A925-648CD0C30E3F}.Debug|ARM.ActiveCfg = Debug|Any CPU
		{47A103AE-E46C-45E6-A925-648CD0C30E3F}.Debug|ARM.Build.0 = Debug|Any CPU
		{47A103AE-E46C-45E6-A925-648CD0C30E3F}.Debug|ARM64.ActiveCfg = Debug|Any CPU
		{47A103AE-E46C-45E6-A925-648CD0C30E3F}.Debug|ARM64.Build.0 = Debug|Any CPU
		{47A103AE-E46C-45E6-A925-648CD0C30E3F}.Debug|x64.ActiveCfg = Debug|Any CPU
		{47A103AE-E46C-45E6-A925-648CD0C30E3F}.Debug|x64.Build.0 = Debug|Any CPU
		{47A103AE-E46C-45E6-A925-648CD0C30E3F}.Debug|x86.ActiveCfg = Debug|Any CPU
		{47A103AE-E46C-45E6-A925-648CD0C30E3F}.Debug|x86.Build.0 = Debug|Any CPU
		{47A103AE-E46C-45E6-A925-648CD0C30E3F}.Release|Any CPU.ActiveCfg = Release|Any CPU
		{47A103AE-E46C-45E6-A925-648CD0C30E3F}.Release|Any CPU.Build.0 = Release|Any CPU
		{47A103AE-E46C-45E6-A925-648CD0C30E3F}.Release|ARM.ActiveCfg = Release|Any CPU
		{47A103AE-E46C-45E6-A925-648CD0C30E3F}.Release|ARM.Build.0 = Release|Any CPU
		{47A103AE-E46C-45E6-A925-648CD0C30E3F}.Release|ARM64.ActiveCfg = Release|Any CPU
		{47A103AE-E46C-45E6-A925-648CD0C30E3F}.Release|ARM64.Build.0 = Release|Any CPU
		{47A103AE-E46C-45E6-A925-648CD0C30E3F}.Release|x64.ActiveCfg = Release|Any CPU
		{47A103AE-E46C-45E6-A925-648CD0C30E3F}.Release|x64.Build.0 = Release|Any CPU
		{47A103AE-E46C-45E6-A925-648CD0C30E3F}.Release|x86.ActiveCfg = Release|Any CPU
		{47A103AE-E46C-45E6-A925-648CD0C30E3F}.Release|x86.Build.0 = Release|Any CPU
	EndGlobalSection
	GlobalSection(SolutionProperties) = preSolution
		HideSolutionNode = FALSE
	EndGlobalSection
	GlobalSection(ExtensibilityGlobals) = postSolution
		SolutionGuid = {C0C76876-261C-4C8A-AD39-64AA1415F6DE}
	EndGlobalSection
EndGlobal
